// !$*UTF8*$!
{
	archiveVersion = 1;
	classes = {
	};
	objectVersion = 46;
	objects = {

/* Begin PBXBuildFile section */
		62F8212A98C6BFB0E4E416E7 /* libPods.a in Frameworks */ = {isa = PBXBuildFile; fileRef = 7F6DBC41FF9F3B4CDDD0FD82 /* libPods.a */; };
		724ACE721D40C3A2008DD74F /* myView.m in Sources */ = {isa = PBXBuildFile; fileRef = 724ACE711D40C3A2008DD74F /* myView.m */; };
		724ACE751D40C898008DD74F /* BKAnimationGoods.m in Sources */ = {isa = PBXBuildFile; fileRef = 724ACE741D40C898008DD74F /* BKAnimationGoods.m */; };
		727623A71D13A90B00DF6A0E /* main.m in Sources */ = {isa = PBXBuildFile; fileRef = 727623A61D13A90B00DF6A0E /* main.m */; };
		727623AA1D13A90B00DF6A0E /* AppDelegate.m in Sources */ = {isa = PBXBuildFile; fileRef = 727623A91D13A90B00DF6A0E /* AppDelegate.m */; };
		727623AD1D13A90B00DF6A0E /* ViewController.m in Sources */ = {isa = PBXBuildFile; fileRef = 727623AC1D13A90B00DF6A0E /* ViewController.m */; };
		727623B01D13A90B00DF6A0E /* Main.storyboard in Resources */ = {isa = PBXBuildFile; fileRef = 727623AE1D13A90B00DF6A0E /* Main.storyboard */; };
		727623B21D13A90B00DF6A0E /* Assets.xcassets in Resources */ = {isa = PBXBuildFile; fileRef = 727623B11D13A90B00DF6A0E /* Assets.xcassets */; };
		727623B51D13A90B00DF6A0E /* LaunchScreen.storyboard in Resources */ = {isa = PBXBuildFile; fileRef = 727623B31D13A90B00DF6A0E /* LaunchScreen.storyboard */; };
		727623BD1D13C38B00DF6A0E /* 1.jpeg in Resources */ = {isa = PBXBuildFile; fileRef = 727623BC1D13C38B00DF6A0E /* 1.jpeg */; };
/* End PBXBuildFile section */

/* Begin PBXFileReference section */
		3944278ABAE2B62C588E6B52 /* Pods.debug.xcconfig */ = {isa = PBXFileReference; includeInIndex = 1; lastKnownFileType = text.xcconfig; name = Pods.debug.xcconfig; path = "Pods/Target Support Files/Pods/Pods.debug.xcconfig"; sourceTree = "<group>"; };
		724ACE701D40C3A2008DD74F /* myView.h */ = {isa = PBXFileReference; fileEncoding = 4; lastKnownFileType = sourcecode.c.h; path = myView.h; sourceTree = "<group>"; };
		724ACE711D40C3A2008DD74F /* myView.m */ = {isa = PBXFileReference; fileEncoding = 4; lastKnownFileType = sourcecode.c.objc; path = myView.m; sourceTree = "<group>"; };
		724ACE731D40C898008DD74F /* BKAnimationGoods.h */ = {isa = PBXFileReference; fileEncoding = 4; lastKnownFileType = sourcecode.c.h; path = BKAnimationGoods.h; sourceTree = "<group>"; };
		724ACE741D40C898008DD74F /* BKAnimationGoods.m */ = {isa = PBXFileReference; fileEncoding = 4; lastKnownFileType = sourcecode.c.objc; path = BKAnimationGoods.m; sourceTree = "<group>"; };
		727623A21D13A90B00DF6A0E /* goodsToBuyCarAnimation.app */ = {isa = PBXFileReference; explicitFileType = wrapper.application; includeInIndex = 0; path = goodsToBuyCarAnimation.app; sourceTree = BUILT_PRODUCTS_DIR; };
		727623A61D13A90B00DF6A0E /* main.m */ = {isa = PBXFileReference; lastKnownFileType = sourcecode.c.objc; path = main.m; sourceTree = "<group>"; };
		727623A81D13A90B00DF6A0E /* AppDelegate.h */ = {isa = PBXFileReference; lastKnownFileType = sourcecode.c.h; path = AppDelegate.h; sourceTree = "<group>"; };
		727623A91D13A90B00DF6A0E /* AppDelegate.m */ = {isa = PBXFileReference; lastKnownFileType = sourcecode.c.objc; path = AppDelegate.m; sourceTree = "<group>"; };
		727623AB1D13A90B00DF6A0E /* ViewController.h */ = {isa = PBXFileReference; lastKnownFileType = sourcecode.c.h; path = ViewController.h; sourceTree = "<group>"; };
		727623AC1D13A90B00DF6A0E /* ViewController.m */ = {isa = PBXFileReference; lastKnownFileType = sourcecode.c.objc; path = ViewController.m; sourceTree = "<group>"; };
		727623AF1D13A90B00DF6A0E /* Base */ = {isa = PBXFileReference; lastKnownFileType = file.storyboard; name = Base; path = Base.lproj/Main.storyboard; sourceTree = "<group>"; };
		727623B11D13A90B00DF6A0E /* Assets.xcassets */ = {isa = PBXFileReference; lastKnownFileType = folder.assetcatalog; path = Assets.xcassets; sourceTree = "<group>"; };
		727623B41D13A90B00DF6A0E /* Base */ = {isa = PBXFileReference; lastKnownFileType = file.storyboard; name = Base; path = Base.lproj/LaunchScreen.storyboard; sourceTree = "<group>"; };
		727623B61D13A90B00DF6A0E /* Info.plist */ = {isa = PBXFileReference; lastKnownFileType = text.plist.xml; path = Info.plist; sourceTree = "<group>"; };
		727623BC1D13C38B00DF6A0E /* 1.jpeg */ = {isa = PBXFileReference; lastKnownFileType = image.jpeg; path = 1.jpeg; sourceTree = "<group>"; };
		7F6DBC41FF9F3B4CDDD0FD82 /* libPods.a */ = {isa = PBXFileReference; explicitFileType = archive.ar; includeInIndex = 0; path = libPods.a; sourceTree = BUILT_PRODUCTS_DIR; };
		E57D29E5DDBDFB5AE9635C66 /* Pods.release.xcconfig */ = {isa = PBXFileReference; includeInIndex = 1; lastKnownFileType = text.xcconfig; name = Pods.release.xcconfig; path = "Pods/Target Support Files/Pods/Pods.release.xcconfig"; sourceTree = "<group>"; };
/* End PBXFileReference section */

/* Begin PBXFrameworksBuildPhase section */
		7276239F1D13A90B00DF6A0E /* Frameworks */ = {
			isa = PBXFrameworksBuildPhase;
			buildActionMask = 2147483647;
			files = (
				62F8212A98C6BFB0E4E416E7 /* libPods.a in Frameworks */,
			);
			runOnlyForDeploymentPostprocessing = 0;
		};
/* End PBXFrameworksBuildPhase section */

/* Begin PBXGroup section */
		2A4D950095FD996DAEEAEE37 /* Frameworks */ = {
			isa = PBXGroup;
			children = (
				7F6DBC41FF9F3B4CDDD0FD82 /* libPods.a */,
			);
			name = Frameworks;
			sourceTree = "<group>";
		};
		727623991D13A90B00DF6A0E = {
			isa = PBXGroup;
			children = (
				727623A41D13A90B00DF6A0E /* goodsToBuyCarAnimation */,
				727623A31D13A90B00DF6A0E /* Products */,
				88E656C8853F718889A30D64 /* Pods */,
				2A4D950095FD996DAEEAEE37 /* Frameworks */,
			);
			sourceTree = "<group>";
		};
		727623A31D13A90B00DF6A0E /* Products */ = {
			isa = PBXGroup;
			children = (
				727623A21D13A90B00DF6A0E /* goodsToBuyCarAnimation.app */,
			);
			name = Products;
			sourceTree = "<group>";
		};
		727623A41D13A90B00DF6A0E /* goodsToBuyCarAnimation */ = {
			isa = PBXGroup;
			children = (
				727623A81D13A90B00DF6A0E /* AppDelegate.h */,
				727623A91D13A90B00DF6A0E /* AppDelegate.m */,
				727623AB1D13A90B00DF6A0E /* ViewController.h */,
				727623BC1D13C38B00DF6A0E /* 1.jpeg */,
				727623AC1D13A90B00DF6A0E /* ViewController.m */,
				724ACE731D40C898008DD74F /* BKAnimationGoods.h */,
				724ACE741D40C898008DD74F /* BKAnimationGoods.m */,
				724ACE701D40C3A2008DD74F /* myView.h */,
				724ACE711D40C3A2008DD74F /* myView.m */,
				727623AE1D13A90B00DF6A0E /* Main.storyboard */,
				727623B11D13A90B00DF6A0E /* Assets.xcassets */,
				727623B31D13A90B00DF6A0E /* LaunchScreen.storyboard */,
				727623B61D13A90B00DF6A0E /* Info.plist */,
				727623A51D13A90B00DF6A0E /* Supporting Files */,
			);
			path = goodsToBuyCarAnimation;
			sourceTree = "<group>";
		};
		727623A51D13A90B00DF6A0E /* Supporting Files */ = {
			isa = PBXGroup;
			children = (
				727623A61D13A90B00DF6A0E /* main.m */,
			);
			name = "Supporting Files";
			sourceTree = "<group>";
		};
		88E656C8853F718889A30D64 /* Pods */ = {
			isa = PBXGroup;
			children = (
				3944278ABAE2B62C588E6B52 /* Pods.debug.xcconfig */,
				E57D29E5DDBDFB5AE9635C66 /* Pods.release.xcconfig */,
			);
			name = Pods;
			sourceTree = "<group>";
		};
/* End PBXGroup section */

/* Begin PBXNativeTarget section */
		727623A11D13A90B00DF6A0E /* goodsToBuyCarAnimation */ = {
			isa = PBXNativeTarget;
			buildConfigurationList = 727623B91D13A90B00DF6A0E /* Build configuration list for PBXNativeTarget "goodsToBuyCarAnimation" */;
			buildPhases = (
				41A7681845CC2C79D170D4DA /* Check Pods Manifest.lock */,
				7276239E1D13A90B00DF6A0E /* Sources */,
				7276239F1D13A90B00DF6A0E /* Frameworks */,
				727623A01D13A90B00DF6A0E /* Resources */,
				3CAAE24BE42F7A52686E8F12 /* Embed Pods Frameworks */,
				0012697378BFC4DAF84C9E3D /* Copy Pods Resources */,
			);
			buildRules = (
			);
			dependencies = (
			);
			name = goodsToBuyCarAnimation;
			productName = goodsToBuyCarAnimation;
			productReference = 727623A21D13A90B00DF6A0E /* goodsToBuyCarAnimation.app */;
			productType = "com.apple.product-type.application";
		};
/* End PBXNativeTarget section */

/* Begin PBXProject section */
		7276239A1D13A90B00DF6A0E /* Project object */ = {
			isa = PBXProject;
			attributes = {
				LastUpgradeCheck = 0730;
				ORGANIZATIONNAME = "毛韶谦";
				TargetAttributes = {
					727623A11D13A90B00DF6A0E = {
						CreatedOnToolsVersion = 7.3.1;
						DevelopmentTeam = H8XYQ5SRK2;
					};
				};
			};
			buildConfigurationList = 7276239D1D13A90B00DF6A0E /* Build configuration list for PBXProject "goodsToBuyCarAnimation" */;
			compatibilityVersion = "Xcode 3.2";
			developmentRegion = English;
			hasScannedForEncodings = 0;
			knownRegions = (
				en,
				Base,
			);
			mainGroup = 727623991D13A90B00DF6A0E;
			productRefGroup = 727623A31D13A90B00DF6A0E /* Products */;
			projectDirPath = "";
			projectRoot = "";
			targets = (
				727623A11D13A90B00DF6A0E /* goodsToBuyCarAnimation */,
			);
		};
/* End PBXProject section */

/* Begin PBXResourcesBuildPhase section */
		727623A01D13A90B00DF6A0E /* Resources */ = {
			isa = PBXResourcesBuildPhase;
			buildActionMask = 2147483647;
			files = (
				727623B51D13A90B00DF6A0E /* LaunchScreen.storyboard in Resources */,
				727623B21D13A90B00DF6A0E /* Assets.xcassets in Resources */,
				727623B01D13A90B00DF6A0E /* Main.storyboard in Resources */,
				727623BD1D13C38B00DF6A0E /* 1.jpeg in Resources */,
			);
			runOnlyForDeploymentPostprocessing = 0;
		};
/* End PBXResourcesBuildPhase section */

/* Begin PBXShellScriptBuildPhase section */
		0012697378BFC4DAF84C9E3D /* Copy Pods Resources */ = {
			isa = PBXShellScriptBuildPhase;
			buildActionMask = 2147483647;
			files = (
			);
			inputPaths = (
			);
			name = "Copy Pods Resources";
			outputPaths = (
			);
			runOnlyForDeploymentPostprocessing = 0;
			shellPath = /bin/sh;
			shellScript = "\"${SRCROOT}/Pods/Target Support Files/Pods/Pods-resources.sh\"\n";
			showEnvVarsInLog = 0;
		};
		3CAAE24BE42F7A52686E8F12 /* Embed Pods Frameworks */ = {
			isa = PBXShellScriptBuildPhase;
			buildActionMask = 2147483647;
			files = (
			);
			inputPaths = (
			);
			name = "Embed Pods Frameworks";
			outputPaths = (
			);
			runOnlyForDeploymentPostprocessing = 0;
			shellPath = /bin/sh;
			shellScript = "\"${SRCROOT}/Pods/Target Support Files/Pods/Pods-frameworks.sh\"\n";
			showEnvVarsInLog = 0;
		};
		41A7681845CC2C79D170D4DA /* Check Pods Manifest.lock */ = {
			isa = PBXShellScriptBuildPhase;
			buildActionMask = 2147483647;
			files = (
			);
			inputPaths = (
			);
			name = "Check Pods Manifest.lock";
			outputPaths = (
			);
			runOnlyForDeploymentPostprocessing = 0;
			shellPath = /bin/sh;
			shellScript = "diff \"${PODS_ROOT}/../Podfile.lock\" \"${PODS_ROOT}/Manifest.lock\" > /dev/null\nif [[ $? != 0 ]] ; then\n    cat << EOM\nerror: The sandbox is not in sync with the Podfile.lock. Run 'pod install' or update your CocoaPods installation.\nEOM\n    exit 1\nfi\n";
			showEnvVarsInLog = 0;
		};
/* End PBXShellScriptBuildPhase section */

/* Begin PBXSourcesBuildPhase section */
		7276239E1D13A90B00DF6A0E /* Sources */ = {
			isa = PBXSourcesBuildPhase;
			buildActionMask = 2147483647;
			files = (
				724ACE751D40C898008DD74F /* BKAnimationGoods.m in Sources */,
				724ACE721D40C3A2008DD74F /* myView.m in Sources */,
				727623AD1D13A90B00DF6A0E /* ViewController.m in Sources */,
				727623AA1D13A90B00DF6A0E /* AppDelegate.m in Sources */,
				727623A71D13A90B00DF6A0E /* main.m in Sources */,
			);
			runOnlyForDeploymentPostprocessing = 0;
		};
/* End PBXSourcesBuildPhase section */

/* Begin PBXVariantGroup section */
		727623AE1D13A90B00DF6A0E /* Main.storyboard */ = {
			isa = PBXVariantGroup;
			children = (
				727623AF1D13A90B00DF6A0E /* Base */,
			);
			name = Main.storyboard;
			sourceTree = "<group>";
		};
		727623B31D13A90B00DF6A0E /* LaunchScreen.storyboard */ = {
			isa = PBXVariantGroup;
			children = (
				727623B41D13A90B00DF6A0E /* Base */,
			);
			name = LaunchScreen.storyboard;
			sourceTree = "<group>";
		};
/* End PBXVariantGroup section */

/* Begin XCBuildConfiguration section */
		727623B71D13A90B00DF6A0E /* Debug */ = {
			isa = XCBuildConfiguration;
			buildSettings = {
				ALWAYS_SEARCH_USER_PATHS = NO;
				CLANG_ANALYZER_NONNULL = YES;
				CLANG_CXX_LANGUAGE_STANDARD = "gnu++0x";
				CLANG_CXX_LIBRARY = "libc++";
				CLANG_ENABLE_MODULES = YES;
				CLANG_ENABLE_OBJC_ARC = YES;
				CLANG_WARN_BOOL_CONVERSION = YES;
				CLANG_WARN_CONSTANT_CONVERSION = YES;
				CLANG_WARN_DIRECT_OBJC_ISA_USAGE = YES_ERROR;
				CLANG_WARN_EMPTY_BODY = YES;
				CLANG_WARN_ENUM_CONVERSION = YES;
				CLANG_WARN_INT_CONVERSION = YES;
				CLANG_WARN_OBJC_ROOT_CLASS = YES_ERROR;
				CLANG_WARN_UNREACHABLE_CODE = YES;
				CLANG_WARN__DUPLICATE_METHOD_MATCH = YES;
				"CODE_SIGN_IDENTITY[sdk=iphoneos*]" = "iPhone Developer";
				COPY_PHASE_STRIP = NO;
				DEBUG_INFORMATION_FORMAT = dwarf;
				ENABLE_STRICT_OBJC_MSGSEND = YES;
				ENABLE_TESTABILITY = YES;
				GCC_C_LANGUAGE_STANDARD = gnu99;
				GCC_DYNAMIC_NO_PIC = NO;
				GCC_NO_COMMON_BLOCKS = YES;
				GCC_OPTIMIZATION_LEVEL = 0;
				GCC_PREPROCESSOR_DEFINITIONS = (
					"DEBUG=1",
					"$(inherited)",
				);
				GCC_WARN_64_TO_32_BIT_CONVERSION = YES;
				GCC_WARN_ABOUT_RETURN_TYPE = YES_ERROR;
				GCC_WARN_UNDECLARED_SELECTOR = YES;
				GCC_WARN_UNINITIALIZED_AUTOS = YES_AGGRESSIVE;
				GCC_WARN_UNUSED_FUNCTION = YES;
				GCC_WARN_UNUSED_VARIABLE = YES;
				IPHONEOS_DEPLOYMENT_TARGET = 9.3;
				MTL_ENABLE_DEBUG_INFO = YES;
				ONLY_ACTIVE_ARCH = YES;
				SDKROOT = iphoneos;
				TARGETED_DEVICE_FAMILY = "1,2";
			};
			name = Debug;
		};
		727623B81D13A90B00DF6A0E /* Release */ = {
			isa = XCBuildConfiguration;
			buildSettings = {
				ALWAYS_SEARCH_USER_PATHS = NO;
				CLANG_ANALYZER_NONNULL = YES;
				CLANG_CXX_LANGUAGE_STANDARD = "gnu++0x";
				CLANG_CXX_LIBRARY = "libc++";
				CLANG_ENABLE_MODULES = YES;
				CLANG_ENABLE_OBJC_ARC = YES;
				CLANG_WARN_BOOL_CONVERSION = YES;
				CLANG_WARN_CONSTANT_CONVERSION = YES;
				CLANG_WARN_DIRECT_OBJC_ISA_USAGE = YES_ERROR;
				CLANG_WARN_EMPTY_BODY = YES;
				CLANG_WARN_ENUM_CONVERSION = YES;
				CLANG_WARN_INT_CONVERSION = YES;
				CLANG_WARN_OBJC_ROOT_CLASS = YES_ERROR;
				CLANG_WARN_UNREACHABLE_CODE = YES;
				CLANG_WARN__DUPLICATE_METHOD_MATCH = YES;
				"CODE_SIGN_IDENTITY[sdk=iphoneos*]" = "iPhone Developer";
				COPY_PHASE_STRIP = NO;
				DEBUG_INFORMATION_FORMAT = "dwarf-with-dsym";
				ENABLE_NS_ASSERTIONS = NO;
				ENABLE_STRICT_OBJC_MSGSEND = YES;
				GCC_C_LANGUAGE_STANDARD = gnu99;
				GCC_NO_COMMON_BLOCKS = YES;
				GCC_WARN_64_TO_32_BIT_CONVERSION = YES;
				GCC_WARN_ABOUT_RETURN_TYPE = YES_ERROR;
				GCC_WARN_UNDECLARED_SELECTOR = YES;
				GCC_WARN_UNINITIALIZED_AUTOS = YES_AGGRESSIVE;
				GCC_WARN_UNUSED_FUNCTION = YES;
				GCC_WARN_UNUSED_VARIABLE = YES;
				IPHONEOS_DEPLOYMENT_TARGET = 9.3;
				MTL_ENABLE_DEBUG_INFO = NO;
				SDKROOT = iphoneos;
				TARGETED_DEVICE_FAMILY = "1,2";
				VALIDATE_PRODUCT = YES;
			};
			name = Release;
		};
		727623BA1D13A90B00DF6A0E /* Debug */ = {
			isa = XCBuildConfiguration;
			baseConfigurationReference = 3944278ABAE2B62C588E6B52 /* Pods.debug.xcconfig */;
			buildSettings = {
				ASSETCATALOG_COMPILER_APPICON_NAME = AppIcon;
				CODE_SIGN_IDENTITY = "iPhone Developer";
				"CODE_SIGN_IDENTITY[sdk=iphoneos*]" = "iPhone Developer";
				INFOPLIST_FILE = goodsToBuyCarAnimation/Info.plist;
				LD_RUNPATH_SEARCH_PATHS = "$(inherited) @executable_path/Frameworks";
				PRODUCT_BUNDLE_IDENTIFIER = com.maoshaoqian.goodsToBuyCarAnimation;
				PRODUCT_NAME = "$(TARGET_NAME)";
				PROVISIONING_PROFILE = "";
			};
			name = Debug;
		};
		727623BB1D13A90B00DF6A0E /* Release */ = {
			isa = XCBuildConfiguration;
			baseConfigurationReference = E57D29E5DDBDFB5AE9635C66 /* Pods.release.xcconfig */;
			buildSettings = {
				ASSETCATALOG_COMPILER_APPICON_NAME = AppIcon;
				CODE_SIGN_IDENTITY = "iPhone Developer";
				"CODE_SIGN_IDENTITY[sdk=iphoneos*]" = "iPhone Developer";
				INFOPLIST_FILE = goodsToBuyCarAnimation/Info.plist;
				LD_RUNPATH_SEARCH_PATHS = "$(inherited) @executable_path/Frameworks";
				PRODUCT_BUNDLE_IDENTIFIER = com.maoshaoqian.goodsToBuyCarAnimation;
				PRODUCT_NAME = "$(TARGET_NAME)";
				PROVISIONING_PROFILE = "";
			};
			name = Release;
		};
/* End XCBuildConfiguration section */

/* Begin XCConfigurationList section */
		7276239D1D13A90B00DF6A0E /* Build configuration list for PBXProject "goodsToBuyCarAnimation" */ = {
			isa = XCConfigurationList;
			buildConfigurations = (
				727623B71D13A90B00DF6A0E /* Debug */,
				727623B81D13A90B00DF6A0E /* Release */,
			);
			defaultConfigurationIsVisible = 0;
			defaultConfigurationName = Release;
		};
		727623B91D13A90B00DF6A0E /* Build configuration list for PBXNativeTarget "goodsToBuyCarAnimation" */ = {
			isa = XCConfigurationList;
			buildConfigurations = (
				727623BA1D13A90B00DF6A0E /* Debug */,
				727623BB1D13A90B00DF6A0E /* Release */,
			);
			defaultConfigurationIsVisible = 0;
			defaultConfigurationName = Release;
		};
/* End XCConfigurationList section */
	};
	rootObject = 7276239A1D13A90B00DF6A0E /* Project object */;
}
